{
  "name": "eva4-p2-assignment-1",
  "version": "0.1.0",
  "lockfileVersion": 1,
  "requires": true,
  "dependencies": {
    "@iarna/toml": {
      "version": "2.2.5",
      "resolved": "https://artifactory-mb.harman.com:443/artifactory/api/npm/CloudworX-NPM/@iarna/toml/-/toml-2.2.5.tgz",
      "integrity": "sha1-syNmyJtDxvjO+976x3i5yCjjuow=",
      "dev": true
    },
    "@types/color-name": {
      "version": "1.1.1",
      "resolved": "https://artifactory-mb.harman.com:443/artifactory/api/npm/CloudworX-NPM/@types/color-name/-/color-name-1.1.1.tgz",
      "integrity": "sha1-HBJhu+qhCoBVu8XYq4S3sq/IRqA=",
      "dev": true
    },
    "ansi-regex": {
      "version": "5.0.0",
      "resolved": "https://artifactory-mb.harman.com:443/artifactory/api/npm/CloudworX-NPM/ansi-regex/-/ansi-regex-5.0.0.tgz",
      "integrity": "sha1-OIU59VF5vzkznIGvMKZU1p+Hy3U=",
      "dev": true
    },
    "ansi-styles": {
      "version": "4.2.1",
      "resolved": "https://artifactory-mb.harman.com:443/artifactory/api/npm/CloudworX-NPM/ansi-styles/-/ansi-styles-4.2.1.tgz",
      "integrity": "sha1-kK51xCTQCNJiTFvynq0xd+v881k=",
      "dev": true,
      "requires": {
        "@types/color-name": "^1.1.1",
        "color-convert": "^2.0.1"
      }
    },
    "appdirectory": {
      "version": "0.1.0",
      "resolved": "https://artifactory-mb.harman.com:443/artifactory/api/npm/CloudworX-NPM/appdirectory/-/appdirectory-0.1.0.tgz",
      "integrity": "sha1-62yBYyDnsqsW9e2ZfyjYIF31Y3U=",
      "dev": true
    },
    "balanced-match": {
      "version": "1.0.0",
      "resolved": "https://artifactory-mb.harman.com:443/artifactory/api/npm/CloudworX-NPM/balanced-match/-/balanced-match-1.0.0.tgz",
      "integrity": "sha1-ibTRmasr7kneFk6gK4nORi1xt2c=",
      "dev": true
    },
    "bluebird": {
      "version": "3.7.2",
      "resolved": "https://artifactory-mb.harman.com:443/artifactory/api/npm/CloudworX-NPM/bluebird/-/bluebird-3.7.2.tgz",
      "integrity": "sha1-nyKcFb4nJFT/qXOs4NvueaGww28=",
      "dev": true
    },
    "brace-expansion": {
      "version": "1.1.11",
      "resolved": "https://artifactory-mb.harman.com:443/artifactory/api/npm/CloudworX-NPM/brace-expansion/-/brace-expansion-1.1.11.tgz",
      "integrity": "sha1-PH/L9SnYcibz0vUrlm/1Jx60Qd0=",
      "dev": true,
      "requires": {
        "balanced-match": "^1.0.0",
        "concat-map": "0.0.1"
      }
    },
    "camelcase": {
      "version": "5.3.1",
      "resolved": "https://artifactory-mb.harman.com:443/artifactory/api/npm/CloudworX-NPM/camelcase/-/camelcase-5.3.1.tgz",
      "integrity": "sha1-48mzFWnhBoEd8kL3FXJaH0xJQyA=",
      "dev": true
    },
    "cliui": {
      "version": "6.0.0",
      "resolved": "https://artifactory-mb.harman.com:443/artifactory/api/npm/CloudworX-NPM/cliui/-/cliui-6.0.0.tgz",
      "integrity": "sha1-UR1wLAxOQcoVbX0OlgIfI+EyJbE=",
      "dev": true,
      "requires": {
        "string-width": "^4.2.0",
        "strip-ansi": "^6.0.0",
        "wrap-ansi": "^6.2.0"
      }
    },
    "color-convert": {
      "version": "2.0.1",
      "resolved": "https://artifactory-mb.harman.com:443/artifactory/api/npm/CloudworX-NPM/color-convert/-/color-convert-2.0.1.tgz",
      "integrity": "sha1-ctOmjVmMm9s68q0ehPIdiWq9TeM=",
      "dev": true,
      "requires": {
        "color-name": "~1.1.4"
      }
    },
    "color-name": {
      "version": "1.1.4",
      "resolved": "https://artifactory-mb.harman.com:443/artifactory/api/npm/CloudworX-NPM/color-name/-/color-name-1.1.4.tgz",
      "integrity": "sha1-wqCah6y95pVD3m9j+jmVyCbFNqI=",
      "dev": true
    },
    "concat-map": {
      "version": "0.0.1",
      "resolved": "https://artifactory-mb.harman.com:443/artifactory/api/npm/CloudworX-NPM/concat-map/-/concat-map-0.0.1.tgz",
      "integrity": "sha1-2Klr13/Wjfd5OnMDajug1UBdR3s=",
      "dev": true
    },
    "core-util-is": {
      "version": "1.0.2",
      "resolved": "https://artifactory-mb.harman.com:443/artifactory/api/npm/CloudworX-NPM/core-util-is/-/core-util-is-1.0.2.tgz",
      "integrity": "sha1-tf1UIgqivFq1eqtxQMlAdUUDwac=",
      "dev": true
    },
    "decamelize": {
      "version": "1.2.0",
      "resolved": "https://artifactory-mb.harman.com:443/artifactory/api/npm/CloudworX-NPM/decamelize/-/decamelize-1.2.0.tgz",
      "integrity": "sha1-9lNNFRSCabIDUue+4m9QH5oZEpA=",
      "dev": true
    },
    "emoji-regex": {
      "version": "8.0.0",
      "resolved": "https://artifactory-mb.harman.com:443/artifactory/api/npm/CloudworX-NPM/emoji-regex/-/emoji-regex-8.0.0.tgz",
      "integrity": "sha1-6Bj9ac5cz8tARZT4QpY79TFkzDc=",
      "dev": true
    },
    "find-up": {
      "version": "4.1.0",
      "resolved": "https://artifactory-mb.harman.com:443/artifactory/api/npm/CloudworX-NPM/find-up/-/find-up-4.1.0.tgz",
      "integrity": "sha1-l6/n1s3AvFkoWEt8jXsW6KmqXRk=",
      "dev": true,
      "requires": {
        "locate-path": "^5.0.0",
        "path-exists": "^4.0.0"
      }
    },
    "fs-extra": {
      "version": "7.0.1",
      "resolved": "https://artifactory-mb.harman.com:443/artifactory/api/npm/CloudworX-NPM/fs-extra/-/fs-extra-7.0.1.tgz",
      "integrity": "sha1-TxicRKoSO4lfcigE9V6iPq3DSOk=",
      "dev": true,
      "requires": {
        "graceful-fs": "^4.1.2",
        "jsonfile": "^4.0.0",
        "universalify": "^0.1.0"
      }
    },
    "fs.realpath": {
      "version": "1.0.0",
      "resolved": "https://artifactory-mb.harman.com:443/artifactory/api/npm/CloudworX-NPM/fs.realpath/-/fs.realpath-1.0.0.tgz",
      "integrity": "sha1-FQStJSMVjKpA20onh8sBQRmU6k8=",
      "dev": true
    },
    "get-caller-file": {
      "version": "2.0.5",
      "resolved": "https://artifactory-mb.harman.com:443/artifactory/api/npm/CloudworX-NPM/get-caller-file/-/get-caller-file-2.0.5.tgz",
      "integrity": "sha1-T5RBKoLbMvNuOwuXQfipf+sDH34=",
      "dev": true
    },
    "glob": {
      "version": "7.1.6",
      "resolved": "https://artifactory-mb.harman.com:443/artifactory/api/npm/CloudworX-NPM/glob/-/glob-7.1.6.tgz",
      "integrity": "sha1-FB8zuBp8JJLhJVlDB0gMRmeSeKY=",
      "dev": true,
      "requires": {
        "fs.realpath": "^1.0.0",
        "inflight": "^1.0.4",
        "inherits": "2",
        "minimatch": "^3.0.4",
        "once": "^1.3.0",
        "path-is-absolute": "^1.0.0"
      }
    },
    "glob-all": {
      "version": "3.2.1",
      "resolved": "https://artifactory-mb.harman.com:443/artifactory/api/npm/CloudworX-NPM/glob-all/-/glob-all-3.2.1.tgz",
      "integrity": "sha1-CCyoGv0iR8vT7SFJuyYw9NyHfZU=",
      "dev": true,
      "requires": {
        "glob": "^7.1.2",
        "yargs": "^15.3.1"
      }
    },
    "graceful-fs": {
      "version": "4.2.4",
      "resolved": "https://artifactory-mb.harman.com:443/artifactory/api/npm/CloudworX-NPM/graceful-fs/-/graceful-fs-4.2.4.tgz",
      "integrity": "sha1-Ila94U02MpWMRl68ltxGfKB6Kfs=",
      "dev": true
    },
    "immediate": {
      "version": "3.0.6",
      "resolved": "https://artifactory-mb.harman.com:443/artifactory/api/npm/CloudworX-NPM/immediate/-/immediate-3.0.6.tgz",
      "integrity": "sha1-nbHb0Pr43m++D13V5Wu2BigN5ps=",
      "dev": true
    },
    "inflight": {
      "version": "1.0.6",
      "resolved": "https://artifactory-mb.harman.com:443/artifactory/api/npm/CloudworX-NPM/inflight/-/inflight-1.0.6.tgz",
      "integrity": "sha1-Sb1jMdfQLQwJvJEKEHW6gWW1bfk=",
      "dev": true,
      "requires": {
        "once": "^1.3.0",
        "wrappy": "1"
      }
    },
    "inherits": {
      "version": "2.0.4",
      "resolved": "https://artifactory-mb.harman.com:443/artifactory/api/npm/CloudworX-NPM/inherits/-/inherits-2.0.4.tgz",
      "integrity": "sha1-D6LGT5MpF8NDOg3tVTY6rjdBa3w=",
      "dev": true
    },
    "is-docker": {
      "version": "2.1.1",
      "resolved": "https://artifactory-mb.harman.com:443/artifactory/api/npm/CloudworX-NPM/is-docker/-/is-docker-2.1.1.tgz",
      "integrity": "sha1-QSWojkTkUNOE4JBH7eca3C0UQVY=",
      "dev": true
    },
    "is-fullwidth-code-point": {
      "version": "3.0.0",
      "resolved": "https://artifactory-mb.harman.com:443/artifactory/api/npm/CloudworX-NPM/is-fullwidth-code-point/-/is-fullwidth-code-point-3.0.0.tgz",
      "integrity": "sha1-8Rb4Bk/pCz94RKOJl8C3UFEmnx0=",
      "dev": true
    },
    "is-wsl": {
      "version": "2.2.0",
      "resolved": "https://artifactory-mb.harman.com:443/artifactory/api/npm/CloudworX-NPM/is-wsl/-/is-wsl-2.2.0.tgz",
      "integrity": "sha1-dKTHbnfKn9P5MvKQwX6jJs0VcnE=",
      "dev": true,
      "requires": {
        "is-docker": "^2.0.0"
      }
    },
    "isarray": {
      "version": "1.0.0",
      "resolved": "https://artifactory-mb.harman.com:443/artifactory/api/npm/CloudworX-NPM/isarray/-/isarray-1.0.0.tgz",
      "integrity": "sha1-u5NdSFgsuhaMBoNJV6VKPgcSTxE=",
      "dev": true
    },
    "jsonfile": {
      "version": "4.0.0",
      "resolved": "https://artifactory-mb.harman.com:443/artifactory/api/npm/CloudworX-NPM/jsonfile/-/jsonfile-4.0.0.tgz",
      "integrity": "sha1-h3Gq4HmbZAdrdmQPygWPnBDjPss=",
      "dev": true,
      "requires": {
        "graceful-fs": "^4.1.6"
      }
    },
    "jszip": {
      "version": "3.5.0",
      "resolved": "https://artifactory-mb.harman.com:443/artifactory/api/npm/CloudworX-NPM/jszip/-/jszip-3.5.0.tgz",
      "integrity": "sha1-tP0fNoJFNGZY54H+yWdYAkieFfY=",
      "dev": true,
      "requires": {
        "lie": "~3.3.0",
        "pako": "~1.0.2",
        "readable-stream": "~2.3.6",
        "set-immediate-shim": "~1.0.1"
      }
    },
    "lie": {
      "version": "3.3.0",
      "resolved": "https://artifactory-mb.harman.com:443/artifactory/api/npm/CloudworX-NPM/lie/-/lie-3.3.0.tgz",
      "integrity": "sha1-3Pgt7lRfRgdNryAMfBxaCOD0D2o=",
      "dev": true,
      "requires": {
        "immediate": "~3.0.5"
      }
    },
    "locate-path": {
      "version": "5.0.0",
      "resolved": "https://artifactory-mb.harman.com:443/artifactory/api/npm/CloudworX-NPM/locate-path/-/locate-path-5.0.0.tgz",
      "integrity": "sha1-Gvujlq/WdqbUJQTQpno6frn2KqA=",
      "dev": true,
      "requires": {
        "p-locate": "^4.1.0"
      }
    },
    "lodash.get": {
      "version": "4.4.2",
      "resolved": "https://artifactory-mb.harman.com:443/artifactory/api/npm/CloudworX-NPM/lodash.get/-/lodash.get-4.4.2.tgz",
      "integrity": "sha1-LRd/ZS+jHpObRDjVNBSZ36OCXpk=",
      "dev": true
    },
    "lodash.set": {
      "version": "4.3.2",
      "resolved": "https://artifactory-mb.harman.com:443/artifactory/api/npm/CloudworX-NPM/lodash.set/-/lodash.set-4.3.2.tgz",
      "integrity": "sha1-2HV7HagH3eJIFrDWqEvqGnYjCyM=",
      "dev": true
    },
    "lodash.uniqby": {
      "version": "4.7.0",
      "resolved": "https://artifactory-mb.harman.com:443/artifactory/api/npm/CloudworX-NPM/lodash.uniqby/-/lodash.uniqby-4.7.0.tgz",
      "integrity": "sha1-2ZwHpmnp5tJOE2Lf4mbGdhavEwI=",
      "dev": true
    },
    "lodash.values": {
      "version": "4.3.0",
      "resolved": "https://artifactory-mb.harman.com:443/artifactory/api/npm/CloudworX-NPM/lodash.values/-/lodash.values-4.3.0.tgz",
      "integrity": "sha1-o6bCsOvsxcLLocF+bmIP6BtT00c=",
      "dev": true
    },
    "minimatch": {
      "version": "3.0.4",
      "resolved": "https://artifactory-mb.harman.com:443/artifactory/api/npm/CloudworX-NPM/minimatch/-/minimatch-3.0.4.tgz",
      "integrity": "sha1-UWbihkV/AzBgZL5Ul+jbsMPTIIM=",
      "dev": true,
      "requires": {
        "brace-expansion": "^1.1.7"
      }
    },
    "once": {
      "version": "1.4.0",
      "resolved": "https://artifactory-mb.harman.com:443/artifactory/api/npm/CloudworX-NPM/once/-/once-1.4.0.tgz",
      "integrity": "sha1-WDsap3WWHUsROsF9nFC6753Xa9E=",
      "dev": true,
      "requires": {
        "wrappy": "1"
      }
    },
    "p-limit": {
      "version": "2.3.0",
      "resolved": "https://artifactory-mb.harman.com:443/artifactory/api/npm/CloudworX-NPM/p-limit/-/p-limit-2.3.0.tgz",
      "integrity": "sha1-PdM8ZHohT9//2DWTPrCG2g3CHbE=",
      "dev": true,
      "requires": {
        "p-try": "^2.0.0"
      }
    },
    "p-locate": {
      "version": "4.1.0",
      "resolved": "https://artifactory-mb.harman.com:443/artifactory/api/npm/CloudworX-NPM/p-locate/-/p-locate-4.1.0.tgz",
      "integrity": "sha1-o0KLtwiLOmApL2aRkni3wpetTwc=",
      "dev": true,
      "requires": {
        "p-limit": "^2.2.0"
      }
    },
    "p-try": {
      "version": "2.2.0",
      "resolved": "https://artifactory-mb.harman.com:443/artifactory/api/npm/CloudworX-NPM/p-try/-/p-try-2.2.0.tgz",
      "integrity": "sha1-yyhoVA4xPWHeWPr741zpAE1VQOY=",
      "dev": true
    },
    "pako": {
      "version": "1.0.11",
      "resolved": "https://artifactory-mb.harman.com:443/artifactory/api/npm/CloudworX-NPM/pako/-/pako-1.0.11.tgz",
      "integrity": "sha1-bJWZ00DVTf05RjgCUqNXBaa5kr8=",
      "dev": true
    },
    "path-exists": {
      "version": "4.0.0",
      "resolved": "https://artifactory-mb.harman.com:443/artifactory/api/npm/CloudworX-NPM/path-exists/-/path-exists-4.0.0.tgz",
      "integrity": "sha1-UTvb4tO5XXdi6METfvoZXGxhtbM=",
      "dev": true
    },
    "path-is-absolute": {
      "version": "1.0.1",
      "resolved": "https://artifactory-mb.harman.com:443/artifactory/api/npm/CloudworX-NPM/path-is-absolute/-/path-is-absolute-1.0.1.tgz",
      "integrity": "sha1-F0uSaHNVNP+8es5r9TpanhtcX18=",
      "dev": true
    },
    "process-nextick-args": {
      "version": "2.0.1",
      "resolved": "https://artifactory-mb.harman.com:443/artifactory/api/npm/CloudworX-NPM/process-nextick-args/-/process-nextick-args-2.0.1.tgz",
      "integrity": "sha1-eCDZsWEgzFXKmud5JoCufbptf+I=",
      "dev": true
    },
    "readable-stream": {
      "version": "2.3.7",
      "resolved": "https://artifactory-mb.harman.com:443/artifactory/api/npm/CloudworX-NPM/readable-stream/-/readable-stream-2.3.7.tgz",
      "integrity": "sha1-Hsoc9xGu+BTAT2IlKjamL2yyO1c=",
      "dev": true,
      "requires": {
        "core-util-is": "~1.0.0",
        "inherits": "~2.0.3",
        "isarray": "~1.0.0",
        "process-nextick-args": "~2.0.0",
        "safe-buffer": "~5.1.1",
        "string_decoder": "~1.1.1",
        "util-deprecate": "~1.0.1"
      }
    },
    "require-directory": {
      "version": "2.1.1",
      "resolved": "https://artifactory-mb.harman.com:443/artifactory/api/npm/CloudworX-NPM/require-directory/-/require-directory-2.1.1.tgz",
      "integrity": "sha1-jGStX9MNqxyXbiNE/+f3kqam30I=",
      "dev": true
    },
    "require-main-filename": {
      "version": "2.0.0",
      "resolved": "https://artifactory-mb.harman.com:443/artifactory/api/npm/CloudworX-NPM/require-main-filename/-/require-main-filename-2.0.0.tgz",
      "integrity": "sha1-0LMp7MfMD2Fkn2IhW+aa9UqomJs=",
      "dev": true
    },
    "rimraf": {
      "version": "3.0.2",
      "resolved": "https://artifactory-mb.harman.com:443/artifactory/api/npm/CloudworX-NPM/rimraf/-/rimraf-3.0.2.tgz",
      "integrity": "sha1-8aVAK6YiCtUswSgrrBrjqkn9Bho=",
      "dev": true,
      "requires": {
        "glob": "^7.1.3"
      }
    },
    "safe-buffer": {
      "version": "5.1.2",
      "resolved": "https://artifactory-mb.harman.com:443/artifactory/api/npm/CloudworX-NPM/safe-buffer/-/safe-buffer-5.1.2.tgz",
      "integrity": "sha1-mR7GnSluAxN0fVm9/St0XDX4go0=",
      "dev": true
    },
    "serverless-python-requirements": {
      "version": "5.1.0",
      "resolved": "https://artifactory-mb.harman.com:443/artifactory/api/npm/CloudworX-NPM/serverless-python-requirements/-/serverless-python-requirements-5.1.0.tgz",
      "integrity": "sha1-XODuEVhCnIMEpFp1MQBRFRfqj6k=",
      "dev": true,
      "requires": {
        "@iarna/toml": "^2.2.3",
        "appdirectory": "^0.1.0",
        "bluebird": "^3.0.6",
        "fs-extra": "^7.0.0",
        "glob-all": "^3.1.0",
        "is-wsl": "^2.0.0",
        "jszip": "^3.1.0",
        "lodash.get": "^4.4.2",
        "lodash.set": "^4.3.2",
        "lodash.uniqby": "^4.0.0",
        "lodash.values": "^4.3.0",
        "rimraf": "^3.0.2",
        "sha256-file": "1.0.0",
        "shell-quote": "^1.6.1"
      }
    },
    "set-blocking": {
      "version": "2.0.0",
      "resolved": "https://artifactory-mb.harman.com:443/artifactory/api/npm/CloudworX-NPM/set-blocking/-/set-blocking-2.0.0.tgz",
      "integrity": "sha1-BF+XgtARrppoA93TgrJDkrPYkPc=",
      "dev": true
    },
    "set-immediate-shim": {
      "version": "1.0.1",
      "resolved": "https://artifactory-mb.harman.com:443/artifactory/api/npm/CloudworX-NPM/set-immediate-shim/-/set-immediate-shim-1.0.1.tgz",
      "integrity": "sha1-SysbJ+uAip+NzEgaWOXlb1mfP2E=",
      "dev": true
    },
    "sha256-file": {
      "version": "1.0.0",
      "resolved": "https://artifactory-mb.harman.com:443/artifactory/api/npm/CloudworX-NPM/sha256-file/-/sha256-file-1.0.0.tgz",
      "integrity": "sha1-AsreXmWNo/vBZ8MnC9zf1UCfG2U=",
      "dev": true
    },
    "shell-quote": {
      "version": "1.7.2",
      "resolved": "https://artifactory-mb.harman.com:443/artifactory/api/npm/CloudworX-NPM/shell-quote/-/shell-quote-1.7.2.tgz",
      "integrity": "sha1-Z6fQLHbJ2iT5nSCAj8re0ODgS+I=",
      "dev": true
    },
    "string-width": {
      "version": "4.2.0",
      "resolved": "https://artifactory-mb.harman.com:443/artifactory/api/npm/CloudworX-NPM/string-width/-/string-width-4.2.0.tgz",
      "integrity": "sha1-lSGCxGzHssMT0VluYjmSvRY7crU=",
      "dev": true,
      "requires": {
        "emoji-regex": "^8.0.0",
        "is-fullwidth-code-point": "^3.0.0",
        "strip-ansi": "^6.0.0"
      }
    },
    "string_decoder": {
      "version": "1.1.1",
      "resolved": "https://artifactory-mb.harman.com:443/artifactory/api/npm/CloudworX-NPM/string_decoder/-/string_decoder-1.1.1.tgz",
      "integrity": "sha1-nPFhG6YmhdcDCunkujQUnDrwP8g=",
      "dev": true,
      "requires": {
        "safe-buffer": "~5.1.0"
      }
    },
    "strip-ansi": {
      "version": "6.0.0",
      "resolved": "https://artifactory-mb.harman.com:443/artifactory/api/npm/CloudworX-NPM/strip-ansi/-/strip-ansi-6.0.0.tgz",
      "integrity": "sha1-CxVx3XZpzNTz4G4U7x7tJiJa5TI=",
      "dev": true,
      "requires": {
        "ansi-regex": "^5.0.0"
      }
    },
    "universalify": {
      "version": "0.1.2",
      "resolved": "https://artifactory-mb.harman.com:443/artifactory/api/npm/CloudworX-NPM/universalify/-/universalify-0.1.2.tgz",
      "integrity": "sha1-tkb2m+OULavOzJ1mOcgNwQXvqmY=",
      "dev": true
    },
    "util-deprecate": {
      "version": "1.0.2",
      "resolved": "https://artifactory-mb.harman.com:443/artifactory/api/npm/CloudworX-NPM/util-deprecate/-/util-deprecate-1.0.2.tgz",
      "integrity": "sha1-RQ1Nyfpw3nMnYvvS1KKJgUGaDM8=",
      "dev": true
    },
    "which-module": {
      "version": "2.0.0",
      "resolved": "https://artifactory-mb.harman.com:443/artifactory/api/npm/CloudworX-NPM/which-module/-/which-module-2.0.0.tgz",
      "integrity": "sha1-2e8H3Od7mQK4o6j6SzHD4/fm6Ho=",
      "dev": true
    },
    "wrap-ansi": {
      "version": "6.2.0",
      "resolved": "https://artifactory-mb.harman.com:443/artifactory/api/npm/CloudworX-NPM/wrap-ansi/-/wrap-ansi-6.2.0.tgz",
      "integrity": "sha1-6Tk7oHEC5skaOyIUePAlfNKFblM=",
      "dev": true,
      "requires": {
        "ansi-styles": "^4.0.0",
        "string-width": "^4.1.0",
        "strip-ansi": "^6.0.0"
      }
    },
    "wrappy": {
      "version": "1.0.2",
      "resolved": "https://artifactory-mb.harman.com:443/artifactory/api/npm/CloudworX-NPM/wrappy/-/wrappy-1.0.2.tgz",
      "integrity": "sha1-tSQ9jz7BqjXxNkYFvA0QNuMKtp8=",
      "dev": true
    },
    "y18n": {
      "version": "4.0.0",
      "resolved": "https://artifactory-mb.harman.com:443/artifactory/api/npm/CloudworX-NPM/y18n/-/y18n-4.0.0.tgz",
      "integrity": "sha1-le+U+F7MgdAHwmThkKEg8KPIVms=",
      "dev": true
    },
    "yargs": {
      "version": "15.4.1",
      "resolved": "https://artifactory-mb.harman.com:443/artifactory/api/npm/CloudworX-NPM/yargs/-/yargs-15.4.1.tgz",
      "integrity": "sha1-DYehbeAa7p2L7Cv7909nhRcw9Pg=",
      "dev": true,
      "requires": {
        "cliui": "^6.0.0",
        "decamelize": "^1.2.0",
        "find-up": "^4.1.0",
        "get-caller-file": "^2.0.1",
        "require-directory": "^2.1.1",
        "require-main-filename": "^2.0.0",
        "set-blocking": "^2.0.0",
        "string-width": "^4.2.0",
        "which-module": "^2.0.0",
        "y18n": "^4.0.0",
        "yargs-parser": "^18.1.2"
      }
    },
    "yargs-parser": {
      "version": "18.1.3",
      "resolved": "https://artifactory-mb.harman.com:443/artifactory/api/npm/CloudworX-NPM/yargs-parser/-/yargs-parser-18.1.3.tgz",
      "integrity": "sha1-vmjEl1xrKr9GkjawyHA2L6sJp7A=",
      "dev": true,
      "requires": {
        "camelcase": "^5.0.0",
        "decamelize": "^1.2.0"
      }
    }
  }
}
